// !$*UTF8*$!
{
	archiveVersion = 1;
	classes = {
	};
	objectVersion = 50;
	objects = {

/* Begin PBXBuildFile section */
		DF4A2D6A26241FE7009849C8 /* Learning_GHApp.swift in Sources */ = {isa = PBXBuildFile; fileRef = DF4A2D5726241FE6009849C8 /* Learning_GHApp.swift */; };
		DF4A2D6B26241FE7009849C8 /* Learning_GHApp.swift in Sources */ = {isa = PBXBuildFile; fileRef = DF4A2D5726241FE6009849C8 /* Learning_GHApp.swift */; };
		DF4A2D6C26241FE7009849C8 /* ContentView.swift in Sources */ = {isa = PBXBuildFile; fileRef = DF4A2D5826241FE6009849C8 /* ContentView.swift */; };
		DF4A2D6D26241FE7009849C8 /* ContentView.swift in Sources */ = {isa = PBXBuildFile; fileRef = DF4A2D5826241FE6009849C8 /* ContentView.swift */; };
		DF4A2D6E26241FE7009849C8 /* Assets.xcassets in Resources */ = {isa = PBXBuildFile; fileRef = DF4A2D5926241FE7009849C8 /* Assets.xcassets */; };
		DF4A2D6F26241FE7009849C8 /* Assets.xcassets in Resources */ = {isa = PBXBuildFile; fileRef = DF4A2D5926241FE7009849C8 /* Assets.xcassets */; };
		DF4A2D7B26242660009849C8 /* MyModel.swift in Sources */ = {isa = PBXBuildFile; fileRef = DF4A2D7A26242660009849C8 /* MyModel.swift */; };
/* End PBXBuildFile section */

/* Begin PBXFileReference section */
		DF4A2D5726241FE6009849C8 /* Learning_GHApp.swift */ = {isa = PBXFileReference; lastKnownFileType = sourcecode.swift; path = Learning_GHApp.swift; sourceTree = "<group>"; };
		DF4A2D5826241FE6009849C8 /* ContentView.swift */ = {isa = PBXFileReference; lastKnownFileType = sourcecode.swift; path = ContentView.swift; sourceTree = "<group>"; };
		DF4A2D5926241FE7009849C8 /* Assets.xcassets */ = {isa = PBXFileReference; lastKnownFileType = folder.assetcatalog; path = Assets.xcassets; sourceTree = "<group>"; };
		DF4A2D5E26241FE7009849C8 /* Learning GH.app */ = {isa = PBXFileReference; explicitFileType = wrapper.application; includeInIndex = 0; path = "Learning GH.app"; sourceTree = BUILT_PRODUCTS_DIR; };
		DF4A2D6126241FE7009849C8 /* Info.plist */ = {isa = PBXFileReference; lastKnownFileType = text.plist.xml; path = Info.plist; sourceTree = "<group>"; };
		DF4A2D6626241FE7009849C8 /* Learning GH.app */ = {isa = PBXFileReference; explicitFileType = wrapper.application; includeInIndex = 0; path = "Learning GH.app"; sourceTree = BUILT_PRODUCTS_DIR; };
		DF4A2D6826241FE7009849C8 /* Info.plist */ = {isa = PBXFileReference; lastKnownFileType = text.plist.xml; path = Info.plist; sourceTree = "<group>"; };
		DF4A2D6926241FE7009849C8 /* macOS.entitlements */ = {isa = PBXFileReference; lastKnownFileType = text.plist.entitlements; path = macOS.entitlements; sourceTree = "<group>"; };
		DF4A2D7A26242660009849C8 /* MyModel.swift */ = {isa = PBXFileReference; lastKnownFileType = sourcecode.swift; path = MyModel.swift; sourceTree = "<group>"; };
/* End PBXFileReference section */

/* Begin PBXFrameworksBuildPhase section */
		DF4A2D5B26241FE7009849C8 /* Frameworks */ = {
			isa = PBXFrameworksBuildPhase;
			buildActionMask = 2147483647;
			files = (
			);
			runOnlyForDeploymentPostprocessing = 0;
		};
		DF4A2D6326241FE7009849C8 /* Frameworks */ = {
			isa = PBXFrameworksBuildPhase;
			buildActionMask = 2147483647;
			files = (
			);
			runOnlyForDeploymentPostprocessing = 0;
		};
/* End PBXFrameworksBuildPhase section */

/* Begin PBXGroup section */
		DF4A2D5126241FE6009849C8 = {
			isa = PBXGroup;
			children = (
				DF4A2D5626241FE6009849C8 /* Shared */,
				DF4A2D6026241FE7009849C8 /* iOS */,
				DF4A2D6726241FE7009849C8 /* macOS */,
				DF4A2D5F26241FE7009849C8 /* Products */,
			);
			sourceTree = "<group>";
		};
		DF4A2D5626241FE6009849C8 /* Shared */ = {
			isa = PBXGroup;
			children = (
				DF4A2D5726241FE6009849C8 /* Learning_GHApp.swift */,
				DF4A2D5826241FE6009849C8 /* ContentView.swift */,
				DF4A2D5926241FE7009849C8 /* Assets.xcassets */,
				DF4A2D7A26242660009849C8 /* MyModel.swift */,
			);
			path = Shared;
			sourceTree = "<group>";
		};
		DF4A2D5F26241FE7009849C8 /* Products */ = {
			isa = PBXGroup;
			children = (
				DF4A2D5E26241FE7009849C8 /* Learning GH.app */,
				DF4A2D6626241FE7009849C8 /* Learning GH.app */,
			);
			name = Products;
			sourceTree = "<group>";
		};
		DF4A2D6026241FE7009849C8 /* iOS */ = {
			isa = PBXGroup;
			children = (
				DF4A2D6126241FE7009849C8 /* Info.plist */,
			);
			path = iOS;
			sourceTree = "<group>";
		};
		DF4A2D6726241FE7009849C8 /* macOS */ = {
			isa = PBXGroup;
			children = (
				DF4A2D6826241FE7009849C8 /* Info.plist */,
				DF4A2D6926241FE7009849C8 /* macOS.entitlements */,
			);
			path = macOS;
			sourceTree = "<group>";
		};
/* End PBXGroup section */

/* Begin PBXNativeTarget section */
		DF4A2D5D26241FE7009849C8 /* Learning GH (iOS) */ = {
			isa = PBXNativeTarget;
			buildConfigurationList = DF4A2D7226241FE7009849C8 /* Build configuration list for PBXNativeTarget "Learning GH (iOS)" */;
			buildPhases = (
				DF4A2D5A26241FE7009849C8 /* Sources */,
				DF4A2D5B26241FE7009849C8 /* Frameworks */,
				DF4A2D5C26241FE7009849C8 /* Resources */,
			);
			buildRules = (
			);
			dependencies = (
			);
			name = "Learning GH (iOS)";
			productName = "Learning GH (iOS)";
			productReference = DF4A2D5E26241FE7009849C8 /* Learning GH.app */;
			productType = "com.apple.product-type.application";
		};
		DF4A2D6526241FE7009849C8 /* Learning GH (macOS) */ = {
			isa = PBXNativeTarget;
			buildConfigurationList = DF4A2D7526241FE7009849C8 /* Build configuration list for PBXNativeTarget "Learning GH (macOS)" */;
			buildPhases = (
				DF4A2D6226241FE7009849C8 /* Sources */,
				DF4A2D6326241FE7009849C8 /* Frameworks */,
				DF4A2D6426241FE7009849C8 /* Resources */,
			);
			buildRules = (
			);
			dependencies = (
			);
			name = "Learning GH (macOS)";
			productName = "Learning GH (macOS)";
			productReference = DF4A2D6626241FE7009849C8 /* Learning GH.app */;
			productType = "com.apple.product-type.application";
		};
/* End PBXNativeTarget section */

/* Begin PBXProject section */
		DF4A2D5226241FE6009849C8 /* Project object */ = {
			isa = PBXProject;
			attributes = {
				LastSwiftUpdateCheck = 1240;
				LastUpgradeCheck = 1240;
				TargetAttributes = {
					DF4A2D5D26241FE7009849C8 = {
						CreatedOnToolsVersion = 12.4;
					};
					DF4A2D6526241FE7009849C8 = {
						CreatedOnToolsVersion = 12.4;
					};
				};
			};
			buildConfigurationList = DF4A2D5526241FE6009849C8 /* Build configuration list for PBXProject "Learning GH" */;
			compatibilityVersion = "Xcode 9.3";
			developmentRegion = en;
			hasScannedForEncodings = 0;
			knownRegions = (
				en,
				Base,
			);
			mainGroup = DF4A2D5126241FE6009849C8;
			productRefGroup = DF4A2D5F26241FE7009849C8 /* Products */;
			projectDirPath = "";
			projectRoot = "";
			targets = (
				DF4A2D5D26241FE7009849C8 /* Learning GH (iOS) */,
				DF4A2D6526241FE7009849C8 /* Learning GH (macOS) */,
			);
		};
/* End PBXProject section */

/* Begin PBXResourcesBuildPhase section */
		DF4A2D5C26241FE7009849C8 /* Resources */ = {
			isa = PBXResourcesBuildPhase;
			buildActionMask = 2147483647;
			files = (
				DF4A2D6E26241FE7009849C8 /* Assets.xcassets in Resources */,
			);
			runOnlyForDeploymentPostprocessing = 0;
		};
		DF4A2D6426241FE7009849C8 /* Resources */ = {
			isa = PBXResourcesBuildPhase;
			buildActionMask = 2147483647;
			files = (
				DF4A2D6F26241FE7009849C8 /* Assets.xcassets in Resources */,
			);
			runOnlyForDeploymentPostprocessing = 0;
		};
/* End PBXResourcesBuildPhase section */

/* Begin PBXSourcesBuildPhase section */
		DF4A2D5A26241FE7009849C8 /* Sources */ = {
			isa = PBXSourcesBuildPhase;
			buildActionMask = 2147483647;
			files = (
				DF4A2D6C26241FE7009849C8 /* ContentView.swift in Sources */,
				DF4A2D7B26242660009849C8 /* MyModel.swift in Sources */,
				DF4A2D6A26241FE7009849C8 /* Learning_GHApp.swift in Sources */,
			);
			runOnlyForDeploymentPostprocessing = 0;
		};
		DF4A2D6226241FE7009849C8 /* Sources */ = {
			isa = PBXSourcesBuildPhase;
			buildActionMask = 2147483647;
			files = (
				DF4A2D6D26241FE7009849C8 /* ContentView.swift in Sources */,
				DF4A2D6B26241FE7009849C8 /* Learning_GHApp.swift in Sources */,
			);
			runOnlyForDeploymentPostprocessing = 0;
		};
/* End PBXSourcesBuildPhase section */

/* Begin XCBuildConfiguration section */
		DF4A2D7026241FE7009849C8 /* Debug */ = {
			isa = XCBuildConfiguration;
			buildSettings = {
				ALWAYS_SEARCH_USER_PATHS = NO;
				CLANG_ANALYZER_NONNULL = YES;
				CLANG_ANALYZER_NUMBER_OBJECT_CONVERSION = YES_AGGRESSIVE;
				CLANG_CXX_LANGUAGE_STANDARD = "gnu++14";
				CLANG_CXX_LIBRARY = "libc++";
				CLANG_ENABLE_MODULES = YES;
				CLANG_ENABLE_OBJC_ARC = YES;
				CLANG_ENABLE_OBJC_WEAK = YES;
				CLANG_WARN_BLOCK_CAPTURE_AUTORELEASING = YES;
				CLANG_WARN_BOOL_CONVERSION = YES;
				CLANG_WARN_COMMA = YES;
				CLANG_WARN_CONSTANT_CONVERSION = YES;
				CLANG_WARN_DEPRECATED_OBJC_IMPLEMENTATIONS = YES;
				CLANG_WARN_DIRECT_OBJC_ISA_USAGE = YES_ERROR;
				CLANG_WARN_DOCUMENTATION_COMMENTS = YES;
				CLANG_WARN_EMPTY_BODY = YES;
				CLANG_WARN_ENUM_CONVERSION = YES;
				CLANG_WARN_INFINITE_RECURSION = YES;
				CLANG_WARN_INT_CONVERSION = YES;
				CLANG_WARN_NON_LITERAL_NULL_CONVERSION = YES;
				CLANG_WARN_OBJC_IMPLICIT_RETAIN_SELF = YES;
				CLANG_WARN_OBJC_LITERAL_CONVERSION = YES;
				CLANG_WARN_OBJC_ROOT_CLASS = YES_ERROR;
				CLANG_WARN_QUOTED_INCLUDE_IN_FRAMEWORK_HEADER = YES;
				CLANG_WARN_RANGE_LOOP_ANALYSIS = YES;
				CLANG_WARN_STRICT_PROTOTYPES = YES;
				CLANG_WARN_SUSPICIOUS_MOVE = YES;
				CLANG_WARN_UNGUARDED_AVAILABILITY = YES_AGGRESSIVE;
				CLANG_WARN_UNREACHABLE_CODE = YES;
				CLANG_WARN__DUPLICATE_METHOD_MATCH = YES;
				COPY_PHASE_STRIP = NO;
				DEBUG_INFORMATION_FORMAT = dwarf;
				ENABLE_STRICT_OBJC_MSGSEND = YES;
				ENABLE_TESTABILITY = YES;
				GCC_C_LANGUAGE_STANDARD = gnu11;
				GCC_DYNAMIC_NO_PIC = NO;
				GCC_NO_COMMON_BLOCKS = YES;
				GCC_OPTIMIZATION_LEVEL = 0;
				GCC_PREPROCESSOR_DEFINITIONS = (
					"DEBUG=1",
					"$(inherited)",
				);
				GCC_WARN_64_TO_32_BIT_CONVERSION = YES;
				GCC_WARN_ABOUT_RETURN_TYPE = YES_ERROR;
				GCC_WARN_UNDECLARED_SELECTOR = YES;
				GCC_WARN_UNINITIALIZED_AUTOS = YES_AGGRESSIVE;
				GCC_WARN_UNUSED_FUNCTION = YES;
				GCC_WARN_UNUSED_VARIABLE = YES;
				MTL_ENABLE_DEBUG_INFO = INCLUDE_SOURCE;
				MTL_FAST_MATH = YES;
				ONLY_ACTIVE_ARCH = YES;
				SWIFT_ACTIVE_COMPILATION_CONDITIONS = DEBUG;
				SWIFT_OPTIMIZATION_LEVEL = "-Onone";
			};
			name = Debug;
		};
		DF4A2D7126241FE7009849C8 /* Release */ = {
			isa = XCBuildConfiguration;
			buildSettings = {
				ALWAYS_SEARCH_USER_PATHS = NO;
				CLANG_ANALYZER_NONNULL = YES;
				CLANG_ANALYZER_NUMBER_OBJECT_CONVERSION = YES_AGGRESSIVE;
				CLANG_CXX_LANGUAGE_STANDARD = "gnu++14";
				CLANG_CXX_LIBRARY = "libc++";
				CLANG_ENABLE_MODULES = YES;
				CLANG_ENABLE_OBJC_ARC = YES;
				CLANG_ENABLE_OBJC_WEAK = YES;
				CLANG_WARN_BLOCK_CAPTURE_AUTORELEASING = YES;
				CLANG_WARN_BOOL_CONVERSION = YES;
				CLANG_WARN_COMMA = YES;
				CLANG_WARN_CONSTANT_CONVERSION = YES;
				CLANG_WARN_DEPRECATED_OBJC_IMPLEMENTATIONS = YES;
				CLANG_WARN_DIRECT_OBJC_ISA_USAGE = YES_ERROR;
				CLANG_WARN_DOCUMENTATION_COMMENTS = YES;
				CLANG_WARN_EMPTY_BODY = YES;
				CLANG_WARN_ENUM_CONVERSION = YES;
				CLANG_WARN_INFINITE_RECURSION = YES;
				CLANG_WARN_INT_CONVERSION = YES;
				CLANG_WARN_NON_LITERAL_NULL_CONVERSION = YES;
				CLANG_WARN_OBJC_IMPLICIT_RETAIN_SELF = YES;
				CLANG_WARN_OBJC_LITERAL_CONVERSION = YES;
				CLANG_WARN_OBJC_ROOT_CLASS = YES_ERROR;
				CLANG_WARN_QUOTED_INCLUDE_IN_FRAMEWORK_HEADER = YES;
				CLANG_WARN_RANGE_LOOP_ANALYSIS = YES;
				CLANG_WARN_STRICT_PROTOTYPES = YES;
				CLANG_WARN_SUSPICIOUS_MOVE = YES;
				CLANG_WARN_UNGUARDED_AVAILABILITY = YES_AGGRESSIVE;
				CLANG_WARN_UNREACHABLE_CODE = YES;
				CLANG_WARN__DUPLICATE_METHOD_MATCH = YES;
				COPY_PHASE_STRIP = NO;
				DEBUG_INFORMATION_FORMAT = "dwarf-with-dsym";
				ENABLE_NS_ASSERTIONS = NO;
				ENABLE_STRICT_OBJC_MSGSEND = YES;
				GCC_C_LANGUAGE_STANDARD = gnu11;
				GCC_NO_COMMON_BLOCKS = YES;
				GCC_WARN_64_TO_32_BIT_CONVERSION = YES;
				GCC_WARN_ABOUT_RETURN_TYPE = YES_ERROR;
				GCC_WARN_UNDECLARED_SELECTOR = YES;
				GCC_WARN_UNINITIALIZED_AUTOS = YES_AGGRESSIVE;
				GCC_WARN_UNUSED_FUNCTION = YES;
				GCC_WARN_UNUSED_VARIABLE = YES;
				MTL_ENABLE_DEBUG_INFO = NO;
				MTL_FAST_MATH = YES;
				SWIFT_COMPILATION_MODE = wholemodule;
				SWIFT_OPTIMIZATION_LEVEL = "-O";
			};
			name = Release;
		};
		DF4A2D7326241FE7009849C8 /* Debug */ = {
			isa = XCBuildConfiguration;
			buildSettings = {
				ASSETCATALOG_COMPILER_APPICON_NAME = AppIcon;
				ASSETCATALOG_COMPILER_GLOBAL_ACCENT_COLOR_NAME = AccentColor;
				CODE_SIGN_STYLE = Automatic;
				DEVELOPMENT_TEAM = ZMYD57DHXJ;
				ENABLE_PREVIEWS = YES;
				INFOPLIST_FILE = iOS/Info.plist;
				IPHONEOS_DEPLOYMENT_TARGET = 14.0;
				LD_RUNPATH_SEARCH_PATHS = (
					"$(inherited)",
					"@executable_path/Frameworks",
				);
				PRODUCT_BUNDLE_IDENTIFIER = "com.emiliomarcos.Learning-GH";
				PRODUCT_NAME = "Learning GH";
				SDKROOT = iphoneos;
				SWIFT_VERSION = 5.0;
				TARGETED_DEVICE_FAMILY = "1,2";
			};
			name = Debug;
		};
		DF4A2D7426241FE7009849C8 /* Release */ = {
			isa = XCBuildConfiguration;
			buildSettings = {
				ASSETCATALOG_COMPILER_APPICON_NAME = AppIcon;
				ASSETCATALOG_COMPILER_GLOBAL_ACCENT_COLOR_NAME = AccentColor;
				CODE_SIGN_STYLE = Automatic;
				DEVELOPMENT_TEAM = ZMYD57DHXJ;
				ENABLE_PREVIEWS = YES;
				INFOPLIST_FILE = iOS/Info.plist;
				IPHONEOS_DEPLOYMENT_TARGET = 14.0;
				LD_RUNPATH_SEARCH_PATHS = (
					"$(inherited)",
					"@executable_path/Frameworks",
				);
				PRODUCT_BUNDLE_IDENTIFIER = "com.emiliomarcos.Learning-GH";
				PRODUCT_NAME = "Learning GH";
				SDKROOT = iphoneos;
				SWIFT_VERSION = 5.0;
				TARGETED_DEVICE_FAMILY = "1,2";
				VALIDATE_PRODUCT = YES;
			};
			name = Release;
		};
		DF4A2D7626241FE7009849C8 /* Debug */ = {
			isa = XCBuildConfiguration;
			buildSettings = {
				ASSETCATALOG_COMPILER_APPICON_NAME = AppIcon;
				ASSETCATALOG_COMPILER_GLOBAL_ACCENT_COLOR_NAME = AccentColor;
				CODE_SIGN_ENTITLEMENTS = macOS/macOS.entitlements;
				CODE_SIGN_STYLE = Automatic;
				COMBINE_HIDPI_IMAGES = YES;
				DEVELOPMENT_TEAM = ZMYD57DHXJ;
				ENABLE_HARDENED_RUNTIME = YES;
				ENABLE_PREVIEWS = YES;
				INFOPLIST_FILE = macOS/Info.plist;
				LD_RUNPATH_SEARCH_PATHS = (
					"$(inherited)",
					"@executable_path/../Frameworks",
				);
				MACOSX_DEPLOYMENT_TARGET = 11.0;
				PRODUCT_BUNDLE_IDENTIFIER = "com.emiliomarcos.Learning-GH";
				PRODUCT_NAME = "Learning GH";
				SDKROOT = macosx;
				SWIFT_VERSION = 5.0;
			};
			name = Debug;
		};
		DF4A2D7726241FE7009849C8 /* Release */ = {
			isa = XCBuildConfiguration;
			buildSettings = {
				ASSETCATALOG_COMPILER_APPICON_NAME = AppIcon;
				ASSETCATALOG_COMPILER_GLOBAL_ACCENT_COLOR_NAME = AccentColor;
				CODE_SIGN_ENTITLEMENTS = macOS/macOS.entitlements;
				CODE_SIGN_STYLE = Automatic;
				COMBINE_HIDPI_IMAGES = YES;
				DEVELOPMENT_TEAM = ZMYD57DHXJ;
				ENABLE_HARDENED_RUNTIME = YES;
				ENABLE_PREVIEWS = YES;
				INFOPLIST_FILE = macOS/Info.plist;
				LD_RUNPATH_SEARCH_PATHS = (
					"$(inherited)",
					"@executable_path/../Frameworks",
				);
				MACOSX_DEPLOYMENT_TARGET = 11.0;
				PRODUCT_BUNDLE_IDENTIFIER = "com.emiliomarcos.Learning-GH";
				PRODUCT_NAME = "Learning GH";
				SDKROOT = macosx;
				SWIFT_VERSION = 5.0;
			};
			name = Release;
		};
/* End XCBuildConfiguration section */

/* Begin XCConfigurationList section */
		DF4A2D5526241FE6009849C8 /* Build configuration list for PBXProject "Learning GH" */ = {
			isa = XCConfigurationList;
			buildConfigurations = (
				DF4A2D7026241FE7009849C8 /* Debug */,
				DF4A2D7126241FE7009849C8 /* Release */,
			);
			defaultConfigurationIsVisible = 0;
			defaultConfigurationName = Release;
		};
		DF4A2D7226241FE7009849C8 /* Build configuration list for PBXNativeTarget "Learning GH (iOS)" */ = {
			isa = XCConfigurationList;
			buildConfigurations = (
				DF4A2D7326241FE7009849C8 /* Debug */,
				DF4A2D7426241FE7009849C8 /* Release */,
			);
			defaultConfigurationIsVisible = 0;
			defaultConfigurationName = Release;
		};
		DF4A2D7526241FE7009849C8 /* Build configuration list for PBXNativeTarget "Learning GH (macOS)" */ = {
			isa = XCConfigurationList;
			buildConfigurations = (
				DF4A2D7626241FE7009849C8 /* Debug */,
				DF4A2D7726241FE7009849C8 /* Release */,
			);
			defaultConfigurationIsVisible = 0;
			defaultConfigurationName = Release;
		};
/* End XCConfigurationList section */
	};
	rootObject = DF4A2D5226241FE6009849C8 /* Project object */;
}
